# @generated - this file is auto-generated by `mise lock` https://mise.en.dev/dev-tools/mise-lock.html

[[tools."http:vsql"]]
version = "24.02"
backend = "http:vsql"

[tools."http:vsql"."platforms.linux-x64"]
checksum = "blake3:66d32efa02a5c5d967dd25a3d09452deb4dda916190928f08d37e9e7a228abe7"
url = "https://ratio-vertica-09e48653-cea9-4b62-ac4f-4ae2a820ea99.t3.tigrisfiles.io/vsql/vsql_24.02_linux_amd64"

[[tools.python]]
version = "3.11.14"
backend = "core:python"

[tools.python."platforms.linux-arm64"]
checksum = "sha256:2f0ddbf14af77bb8c2348f51dcdf1d59e5ff5f569ea4333e39253fbe76d37597"
url = "https://github.com/astral-sh/python-build-standalone/releases/download/20260211/cpython-3.11.14+20260211-aarch64-unknown-linux-gnu-install_only_stripped.tar.gz"
provenance = "github-attestations"

[tools.python."platforms.linux-arm64-musl"]
checksum = "sha256:5294031e965fbfea26ebd3bd25053dd3f00af40533757ad579aa82d25a84f62d"
url = "https://github.com/astral-sh/python-build-standalone/releases/download/20260211/cpython-3.11.14+20260211-aarch64-unknown-linux-musl-install_only_stripped.tar.gz"
provenance = "github-attestations"

[tools.python."platforms.linux-x64"]
checksum = "sha256:1fb6a89daa750f7eff00eb65d901c3c236713812eb9c8c7e07ecdfcd78203c8e"
url = "https://github.com/astral-sh/python-build-standalone/releases/download/20260211/cpython-3.11.14+20260211-x86_64-unknown-linux-gnu-install_only_stripped.tar.gz"
provenance = "github-attestations"

[tools.python."platforms.linux-x64-musl"]
checksum = "sha256:2b125d2d730ec033dc8ec166966300b8917155e69271cae1e10c40c927ab0cd8"
url = "https://github.com/astral-sh/python-build-standalone/releases/download/20260211/cpython-3.11.14+20260211-x86_64-unknown-linux-musl-install_only_stripped.tar.gz"
provenance = "github-attestations"

[tools.python."platforms.macos-arm64"]
checksum = "sha256:d5f10f6fdc6f4afb5d251578edb89d8c0ece8f9f56e38b0019e2a94e8f0f4852"
url = "https://github.com/astral-sh/python-build-standalone/releases/download/20260211/cpython-3.11.14+20260211-aarch64-apple-darwin-install_only_stripped.tar.gz"
provenance = "github-attestations"

[tools.python."platforms.macos-x64"]
checksum = "sha256:7d335ad1c055fcc307723ae016018d8f861b0d49a80f43d5d4d595e7092dcae5"
url = "https://github.com/astral-sh/python-build-standalone/releases/download/20260211/cpython-3.11.14+20260211-x86_64-apple-darwin-install_only_stripped.tar.gz"
provenance = "github-attestations"

[tools.python."platforms.windows-x64"]
checksum = "sha256:db4a7b6389961f194ef5c1cb21a46c023dbc13703ac51f7bd7eaa1088740ca72"
url = "https://github.com/astral-sh/python-build-standalone/releases/download/20260211/cpython-3.11.14+20260211-x86_64-pc-windows-msvc-install_only_stripped.tar.gz"
provenance = "github-attestations"
